// !$*UTF8*$!
{
	archiveVersion = 1;
	classes = {
	};
	objectVersion = 46;
	objects = {

/* Begin PBXBuildFile section */
		053F633A1AB6318800D68A52 /* logo.swift in Sources */ = {isa = PBXBuildFile; fileRef = 053F63391AB6318800D68A52 /* logo.swift */; };
		053F633C1AB631A300D68A52 /* buttons.swift in Sources */ = {isa = PBXBuildFile; fileRef = 053F633B1AB631A300D68A52 /* buttons.swift */; };
		053F633E1AB631B700D68A52 /* explore.swift in Sources */ = {isa = PBXBuildFile; fileRef = 053F633D1AB631B700D68A52 /* explore.swift */; };
		053F63401AB631C600D68A52 /* browse.swift in Sources */ = {isa = PBXBuildFile; fileRef = 053F633F1AB631C600D68A52 /* browse.swift */; };
		053F63421AB631DD00D68A52 /* movingBG.png in Resources */ = {isa = PBXBuildFile; fileRef = 053F63411AB631DD00D68A52 /* movingBG.png */; };
		053F63441AB631F000D68A52 /* logo-ready.png in Resources */ = {isa = PBXBuildFile; fileRef = 053F63431AB631F000D68A52 /* logo-ready.png */; };
		053F63461AB6323100D68A52 /* mainContainer.swift in Sources */ = {isa = PBXBuildFile; fileRef = 053F63451AB6323100D68A52 /* mainContainer.swift */; };
		D6B2A5AC1AAEEE4C0094F44A /* AppDelegate.swift in Sources */ = {isa = PBXBuildFile; fileRef = D6B2A5AB1AAEEE4C0094F44A /* AppDelegate.swift */; };
		D6B2A5B11AAEEE4C0094F44A /* Main.storyboard in Resources */ = {isa = PBXBuildFile; fileRef = D6B2A5AF1AAEEE4C0094F44A /* Main.storyboard */; };
		D6B2A5B31AAEEE4C0094F44A /* Images.xcassets in Resources */ = {isa = PBXBuildFile; fileRef = D6B2A5B21AAEEE4C0094F44A /* Images.xcassets */; };
		D6B2A5B61AAEEE4C0094F44A /* LaunchScreen.xib in Resources */ = {isa = PBXBuildFile; fileRef = D6B2A5B41AAEEE4C0094F44A /* LaunchScreen.xib */; };
		D6B2A5C21AAEEE4C0094F44A /* iOSSkjulteStederBuild5Tests.swift in Sources */ = {isa = PBXBuildFile; fileRef = D6B2A5C11AAEEE4C0094F44A /* iOSSkjulteStederBuild5Tests.swift */; };
		D6B2A5CC1AAEEE6D0094F44A /* CoreLocation.framework in Frameworks */ = {isa = PBXBuildFile; fileRef = D6B2A5CB1AAEEE6D0094F44A /* CoreLocation.framework */; };
		D6B2A5CF1AAEEE9D0094F44A /* Realm.framework in Frameworks */ = {isa = PBXBuildFile; fileRef = D6B2A5CE1AAEEE9D0094F44A /* Realm.framework */; };
		D6B2A5D11AAEEEC50094F44A /* libc++.dylib in Frameworks */ = {isa = PBXBuildFile; fileRef = D6B2A5D01AAEEEC50094F44A /* libc++.dylib */; };
		D6B2A5D41AAEEEF80094F44A /* SwiftyJSON.swift in Sources */ = {isa = PBXBuildFile; fileRef = D6B2A5D31AAEEEF80094F44A /* SwiftyJSON.swift */; };
		D6B2A5D61AAEEF230094F44A /* RLMSupport.swift in Sources */ = {isa = PBXBuildFile; fileRef = D6B2A5D51AAEEF230094F44A /* RLMSupport.swift */; };
		D6B2A5D91AAEF1E30094F44A /* MainViewController.swift in Sources */ = {isa = PBXBuildFile; fileRef = D6B2A5D81AAEF1E30094F44A /* MainViewController.swift */; };
		D6B2A5DB1AAEF2080094F44A /* CompassViewController.swift in Sources */ = {isa = PBXBuildFile; fileRef = D6B2A5DA1AAEF2080094F44A /* CompassViewController.swift */; };
		D6B2A5DD1AAEF2180094F44A /* ProfileViewController.swift in Sources */ = {isa = PBXBuildFile; fileRef = D6B2A5DC1AAEF2180094F44A /* ProfileViewController.swift */; };
		D6B2A5E91AAF177B0094F44A /* SecondDestinationView.swift in Sources */ = {isa = PBXBuildFile; fileRef = D6B2A5E71AAF177B0094F44A /* SecondDestinationView.swift */; };
		D6B2A5ED1AAF17920094F44A /* ThirdDestinationView.swift in Sources */ = {isa = PBXBuildFile; fileRef = D6B2A5EB1AAF17920094F44A /* ThirdDestinationView.swift */; };
		D6B2A5F41AAF187F0094F44A /* DestinationPagesController.swift in Sources */ = {isa = PBXBuildFile; fileRef = D6B2A5F31AAF187F0094F44A /* DestinationPagesController.swift */; };
		D6B2A5F61AAF26CF0094F44A /* Destination.swift in Sources */ = {isa = PBXBuildFile; fileRef = D6B2A5F51AAF26CF0094F44A /* Destination.swift */; };
		D6B2A5F91AAF27F00094F44A /* User.swift in Sources */ = {isa = PBXBuildFile; fileRef = D6B2A5F81AAF27F00094F44A /* User.swift */; };
		D6B2A5FB1AAF35BD0094F44A /* SelectModeViewController.swift in Sources */ = {isa = PBXBuildFile; fileRef = D6B2A5FA1AAF35BD0094F44A /* SelectModeViewController.swift */; };
		D6B2A5FD1AAF41660094F44A /* FirstDestinationView.swift in Sources */ = {isa = PBXBuildFile; fileRef = D6B2A5FC1AAF41660094F44A /* FirstDestinationView.swift */; };
		D6B2A5FF1AB05F610094F44A /* FinalViewController.swift in Sources */ = {isa = PBXBuildFile; fileRef = D6B2A5FE1AB05F610094F44A /* FinalViewController.swift */; };
		D6B2A6011AB06B630094F44A /* AbsulotelyFinalViewController.swift in Sources */ = {isa = PBXBuildFile; fileRef = D6B2A6001AB06B630094F44A /* AbsulotelyFinalViewController.swift */; };
/* End PBXBuildFile section */

/* Begin PBXContainerItemProxy section */
		D6B2A5BC1AAEEE4C0094F44A /* PBXContainerItemProxy */ = {
			isa = PBXContainerItemProxy;
			containerPortal = D6B2A59E1AAEEE4C0094F44A /* Project object */;
			proxyType = 1;
			remoteGlobalIDString = D6B2A5A51AAEEE4C0094F44A;
			remoteInfo = iOSSkjulteStederBuild5;
		};
/* End PBXContainerItemProxy section */

/* Begin PBXFileReference section */
		053F63391AB6318800D68A52 /* logo.swift */ = {isa = PBXFileReference; fileEncoding = 4; lastKnownFileType = sourcecode.swift; path = logo.swift; sourceTree = "<group>"; };
		053F633B1AB631A300D68A52 /* buttons.swift */ = {isa = PBXFileReference; fileEncoding = 4; lastKnownFileType = sourcecode.swift; path = buttons.swift; sourceTree = "<group>"; };
		053F633D1AB631B700D68A52 /* explore.swift */ = {isa = PBXFileReference; fileEncoding = 4; lastKnownFileType = sourcecode.swift; path = explore.swift; sourceTree = "<group>"; };
		053F633F1AB631C600D68A52 /* browse.swift */ = {isa = PBXFileReference; fileEncoding = 4; lastKnownFileType = sourcecode.swift; path = browse.swift; sourceTree = "<group>"; };
		053F63411AB631DD00D68A52 /* movingBG.png */ = {isa = PBXFileReference; lastKnownFileType = image.png; path = movingBG.png; sourceTree = "<group>"; };
		053F63431AB631F000D68A52 /* logo-ready.png */ = {isa = PBXFileReference; lastKnownFileType = image.png; path = "logo-ready.png"; sourceTree = "<group>"; };
		053F63451AB6323100D68A52 /* mainContainer.swift */ = {isa = PBXFileReference; fileEncoding = 4; lastKnownFileType = sourcecode.swift; path = mainContainer.swift; sourceTree = "<group>"; };
		D6B2A5A61AAEEE4C0094F44A /* iOSSkjulteStederBuild5.app */ = {isa = PBXFileReference; explicitFileType = wrapper.application; includeInIndex = 0; path = iOSSkjulteStederBuild5.app; sourceTree = BUILT_PRODUCTS_DIR; };
		D6B2A5AA1AAEEE4C0094F44A /* Info.plist */ = {isa = PBXFileReference; lastKnownFileType = text.plist.xml; path = Info.plist; sourceTree = "<group>"; };
		D6B2A5AB1AAEEE4C0094F44A /* AppDelegate.swift */ = {isa = PBXFileReference; lastKnownFileType = sourcecode.swift; path = AppDelegate.swift; sourceTree = "<group>"; };
		D6B2A5B01AAEEE4C0094F44A /* Base */ = {isa = PBXFileReference; lastKnownFileType = file.storyboard; name = Base; path = Base.lproj/Main.storyboard; sourceTree = "<group>"; };
		D6B2A5B21AAEEE4C0094F44A /* Images.xcassets */ = {isa = PBXFileReference; lastKnownFileType = folder.assetcatalog; path = Images.xcassets; sourceTree = "<group>"; };
		D6B2A5B51AAEEE4C0094F44A /* Base */ = {isa = PBXFileReference; lastKnownFileType = file.xib; name = Base; path = Base.lproj/LaunchScreen.xib; sourceTree = "<group>"; };
		D6B2A5BB1AAEEE4C0094F44A /* iOSSkjulteStederBuild5Tests.xctest */ = {isa = PBXFileReference; explicitFileType = wrapper.cfbundle; includeInIndex = 0; path = iOSSkjulteStederBuild5Tests.xctest; sourceTree = BUILT_PRODUCTS_DIR; };
		D6B2A5C01AAEEE4C0094F44A /* Info.plist */ = {isa = PBXFileReference; lastKnownFileType = text.plist.xml; path = Info.plist; sourceTree = "<group>"; };
		D6B2A5C11AAEEE4C0094F44A /* iOSSkjulteStederBuild5Tests.swift */ = {isa = PBXFileReference; lastKnownFileType = sourcecode.swift; path = iOSSkjulteStederBuild5Tests.swift; sourceTree = "<group>"; };
		D6B2A5CB1AAEEE6D0094F44A /* CoreLocation.framework */ = {isa = PBXFileReference; lastKnownFileType = wrapper.framework; name = CoreLocation.framework; path = System/Library/Frameworks/CoreLocation.framework; sourceTree = SDKROOT; };
		D6B2A5CE1AAEEE9D0094F44A /* Realm.framework */ = {isa = PBXFileReference; lastKnownFileType = wrapper.framework; path = Realm.framework; sourceTree = "<group>"; };
		D6B2A5D01AAEEEC50094F44A /* libc++.dylib */ = {isa = PBXFileReference; lastKnownFileType = "compiled.mach-o.dylib"; name = "libc++.dylib"; path = "usr/lib/libc++.dylib"; sourceTree = SDKROOT; };
		D6B2A5D31AAEEEF80094F44A /* SwiftyJSON.swift */ = {isa = PBXFileReference; fileEncoding = 4; lastKnownFileType = sourcecode.swift; path = SwiftyJSON.swift; sourceTree = "<group>"; };
		D6B2A5D51AAEEF230094F44A /* RLMSupport.swift */ = {isa = PBXFileReference; fileEncoding = 4; lastKnownFileType = sourcecode.swift; path = RLMSupport.swift; sourceTree = "<group>"; };
		D6B2A5D81AAEF1E30094F44A /* MainViewController.swift */ = {isa = PBXFileReference; fileEncoding = 4; lastKnownFileType = sourcecode.swift; path = MainViewController.swift; sourceTree = "<group>"; };
		D6B2A5DA1AAEF2080094F44A /* CompassViewController.swift */ = {isa = PBXFileReference; fileEncoding = 4; lastKnownFileType = sourcecode.swift; path = CompassViewController.swift; sourceTree = "<group>"; };
		D6B2A5DC1AAEF2180094F44A /* ProfileViewController.swift */ = {isa = PBXFileReference; fileEncoding = 4; lastKnownFileType = sourcecode.swift; path = ProfileViewController.swift; sourceTree = "<group>"; };
		D6B2A5E71AAF177B0094F44A /* SecondDestinationView.swift */ = {isa = PBXFileReference; fileEncoding = 4; lastKnownFileType = sourcecode.swift; path = SecondDestinationView.swift; sourceTree = "<group>"; };
		D6B2A5EB1AAF17920094F44A /* ThirdDestinationView.swift */ = {isa = PBXFileReference; fileEncoding = 4; lastKnownFileType = sourcecode.swift; path = ThirdDestinationView.swift; sourceTree = "<group>"; };
		D6B2A5F31AAF187F0094F44A /* DestinationPagesController.swift */ = {isa = PBXFileReference; fileEncoding = 4; lastKnownFileType = sourcecode.swift; path = DestinationPagesController.swift; sourceTree = "<group>"; };
		D6B2A5F51AAF26CF0094F44A /* Destination.swift */ = {isa = PBXFileReference; fileEncoding = 4; lastKnownFileType = sourcecode.swift; path = Destination.swift; sourceTree = "<group>"; };
		D6B2A5F81AAF27F00094F44A /* User.swift */ = {isa = PBXFileReference; fileEncoding = 4; lastKnownFileType = sourcecode.swift; path = User.swift; sourceTree = "<group>"; };
		D6B2A5FA1AAF35BD0094F44A /* SelectModeViewController.swift */ = {isa = PBXFileReference; fileEncoding = 4; lastKnownFileType = sourcecode.swift; path = SelectModeViewController.swift; sourceTree = "<group>"; };
		D6B2A5FC1AAF41660094F44A /* FirstDestinationView.swift */ = {isa = PBXFileReference; fileEncoding = 4; lastKnownFileType = sourcecode.swift; path = FirstDestinationView.swift; sourceTree = "<group>"; };
		D6B2A5FE1AB05F610094F44A /* FinalViewController.swift */ = {isa = PBXFileReference; fileEncoding = 4; lastKnownFileType = sourcecode.swift; path = FinalViewController.swift; sourceTree = "<group>"; };
		D6B2A6001AB06B630094F44A /* AbsulotelyFinalViewController.swift */ = {isa = PBXFileReference; fileEncoding = 4; lastKnownFileType = sourcecode.swift; path = AbsulotelyFinalViewController.swift; sourceTree = "<group>"; };
/* End PBXFileReference section */

/* Begin PBXFrameworksBuildPhase section */
		D6B2A5A31AAEEE4C0094F44A /* Frameworks */ = {
			isa = PBXFrameworksBuildPhase;
			buildActionMask = 2147483647;
			files = (
				D6B2A5D11AAEEEC50094F44A /* libc++.dylib in Frameworks */,
				D6B2A5CF1AAEEE9D0094F44A /* Realm.framework in Frameworks */,
				D6B2A5CC1AAEEE6D0094F44A /* CoreLocation.framework in Frameworks */,
			);
			runOnlyForDeploymentPostprocessing = 0;
		};
		D6B2A5B81AAEEE4C0094F44A /* Frameworks */ = {
			isa = PBXFrameworksBuildPhase;
			buildActionMask = 2147483647;
			files = (
			);
			runOnlyForDeploymentPostprocessing = 0;
		};
/* End PBXFrameworksBuildPhase section */

/* Begin PBXGroup section */
		053F63381AB630EA00D68A52 /* SelectMode  */ = {
			isa = PBXGroup;
			children = (
				053F63411AB631DD00D68A52 /* movingBG.png */,
				053F63431AB631F000D68A52 /* logo-ready.png */,
				D6B2A5FA1AAF35BD0094F44A /* SelectModeViewController.swift */,
				053F63391AB6318800D68A52 /* logo.swift */,
				053F633B1AB631A300D68A52 /* buttons.swift */,
				053F633D1AB631B700D68A52 /* explore.swift */,
				053F633F1AB631C600D68A52 /* browse.swift */,
				053F63451AB6323100D68A52 /* mainContainer.swift */,
			);
			name = "SelectMode ";
			sourceTree = "<group>";
		};
		D6B2A59D1AAEEE4C0094F44A = {
			isa = PBXGroup;
			children = (
				D6B2A5CD1AAEEE780094F44A /* Frameworks */,
				D6B2A5A81AAEEE4C0094F44A /* iOSSkjulteStederBuild5 */,
				D6B2A5BE1AAEEE4C0094F44A /* iOSSkjulteStederBuild5Tests */,
				D6B2A5A71AAEEE4C0094F44A /* Products */,
			);
			sourceTree = "<group>";
		};
		D6B2A5A71AAEEE4C0094F44A /* Products */ = {
			isa = PBXGroup;
			children = (
				D6B2A5A61AAEEE4C0094F44A /* iOSSkjulteStederBuild5.app */,
				D6B2A5BB1AAEEE4C0094F44A /* iOSSkjulteStederBuild5Tests.xctest */,
			);
			name = Products;
			sourceTree = "<group>";
		};
		D6B2A5A81AAEEE4C0094F44A /* iOSSkjulteStederBuild5 */ = {
			isa = PBXGroup;
			children = (
				053F63381AB630EA00D68A52 /* SelectMode  */,
				D6B2A5DE1AAF155F0094F44A /* SelectDestination */,
				D6B2A5D71AAEF1BF0094F44A /* MainView */,
				D6B2A5D21AAEEED80094F44A /* Extensions */,
				D6B2A5AB1AAEEE4C0094F44A /* AppDelegate.swift */,
				D6B2A5AF1AAEEE4C0094F44A /* Main.storyboard */,
				D6B2A5B21AAEEE4C0094F44A /* Images.xcassets */,
				D6B2A5B41AAEEE4C0094F44A /* LaunchScreen.xib */,
				D6B2A5A91AAEEE4C0094F44A /* Supporting Files */,
				D6B2A5F71AAF26D70094F44A /* Database */,
			);
			path = iOSSkjulteStederBuild5;
			sourceTree = "<group>";
		};
		D6B2A5A91AAEEE4C0094F44A /* Supporting Files */ = {
			isa = PBXGroup;
			children = (
				D6B2A5AA1AAEEE4C0094F44A /* Info.plist */,
			);
			name = "Supporting Files";
			sourceTree = "<group>";
		};
		D6B2A5BE1AAEEE4C0094F44A /* iOSSkjulteStederBuild5Tests */ = {
			isa = PBXGroup;
			children = (
				D6B2A5C11AAEEE4C0094F44A /* iOSSkjulteStederBuild5Tests.swift */,
				D6B2A5BF1AAEEE4C0094F44A /* Supporting Files */,
			);
			path = iOSSkjulteStederBuild5Tests;
			sourceTree = "<group>";
		};
		D6B2A5BF1AAEEE4C0094F44A /* Supporting Files */ = {
			isa = PBXGroup;
			children = (
				D6B2A5C01AAEEE4C0094F44A /* Info.plist */,
			);
			name = "Supporting Files";
			sourceTree = "<group>";
		};
		D6B2A5CD1AAEEE780094F44A /* Frameworks */ = {
			isa = PBXGroup;
			children = (
				D6B2A5D01AAEEEC50094F44A /* libc++.dylib */,
				D6B2A5CE1AAEEE9D0094F44A /* Realm.framework */,
				D6B2A5CB1AAEEE6D0094F44A /* CoreLocation.framework */,
			);
			name = Frameworks;
			sourceTree = "<group>";
		};
		D6B2A5D21AAEEED80094F44A /* Extensions */ = {
			isa = PBXGroup;
			children = (
				D6B2A5D51AAEEF230094F44A /* RLMSupport.swift */,
				D6B2A5D31AAEEEF80094F44A /* SwiftyJSON.swift */,
			);
			name = Extensions;
			sourceTree = "<group>";
		};
		D6B2A5D71AAEF1BF0094F44A /* MainView */ = {
			isa = PBXGroup;
			children = (
				D6B2A5D81AAEF1E30094F44A /* MainViewController.swift */,
				D6B2A5DA1AAEF2080094F44A /* CompassViewController.swift */,
				D6B2A5DC1AAEF2180094F44A /* ProfileViewController.swift */,
			);
			name = MainView;
			sourceTree = "<group>";
		};
		D6B2A5DE1AAF155F0094F44A /* SelectDestination */ = {
			isa = PBXGroup;
			children = (
				D6B2A5E01AAF15880094F44A /* SelectDestinationViews */,
			);
			name = SelectDestination;
			sourceTree = "<group>";
		};
		D6B2A5E01AAF15880094F44A /* SelectDestinationViews */ = {
			isa = PBXGroup;
			children = (
				D6B2A5F31AAF187F0094F44A /* DestinationPagesController.swift */,
				D6B2A5FC1AAF41660094F44A /* FirstDestinationView.swift */,
				D6B2A5E71AAF177B0094F44A /* SecondDestinationView.swift */,
				D6B2A5EB1AAF17920094F44A /* ThirdDestinationView.swift */,
				D6B2A5FE1AB05F610094F44A /* FinalViewController.swift */,
				D6B2A6001AB06B630094F44A /* AbsulotelyFinalViewController.swift */,
			);
			name = SelectDestinationViews;
			sourceTree = "<group>";
		};
		D6B2A5F71AAF26D70094F44A /* Database */ = {
			isa = PBXGroup;
			children = (
				D6B2A5F51AAF26CF0094F44A /* Destination.swift */,
				D6B2A5F81AAF27F00094F44A /* User.swift */,
			);
			name = Database;
			sourceTree = "<group>";
		};
/* End PBXGroup section */

/* Begin PBXNativeTarget section */
		D6B2A5A51AAEEE4C0094F44A /* iOSSkjulteStederBuild5 */ = {
			isa = PBXNativeTarget;
			buildConfigurationList = D6B2A5C51AAEEE4C0094F44A /* Build configuration list for PBXNativeTarget "iOSSkjulteStederBuild5" */;
			buildPhases = (
				D6B2A5A21AAEEE4C0094F44A /* Sources */,
				D6B2A5A31AAEEE4C0094F44A /* Frameworks */,
				D6B2A5A41AAEEE4C0094F44A /* Resources */,
			);
			buildRules = (
			);
			dependencies = (
			);
			name = iOSSkjulteStederBuild5;
			productName = iOSSkjulteStederBuild5;
			productReference = D6B2A5A61AAEEE4C0094F44A /* iOSSkjulteStederBuild5.app */;
			productType = "com.apple.product-type.application";
		};
		D6B2A5BA1AAEEE4C0094F44A /* iOSSkjulteStederBuild5Tests */ = {
			isa = PBXNativeTarget;
			buildConfigurationList = D6B2A5C81AAEEE4C0094F44A /* Build configuration list for PBXNativeTarget "iOSSkjulteStederBuild5Tests" */;
			buildPhases = (
				D6B2A5B71AAEEE4C0094F44A /* Sources */,
				D6B2A5B81AAEEE4C0094F44A /* Frameworks */,
				D6B2A5B91AAEEE4C0094F44A /* Resources */,
			);
			buildRules = (
			);
			dependencies = (
				D6B2A5BD1AAEEE4C0094F44A /* PBXTargetDependency */,
			);
			name = iOSSkjulteStederBuild5Tests;
			productName = iOSSkjulteStederBuild5Tests;
			productReference = D6B2A5BB1AAEEE4C0094F44A /* iOSSkjulteStederBuild5Tests.xctest */;
			productType = "com.apple.product-type.bundle.unit-test";
		};
/* End PBXNativeTarget section */

/* Begin PBXProject section */
		D6B2A59E1AAEEE4C0094F44A /* Project object */ = {
			isa = PBXProject;
			attributes = {
				LastUpgradeCheck = 0610;
				ORGANIZATIONNAME = DBH;
				TargetAttributes = {
					D6B2A5A51AAEEE4C0094F44A = {
						CreatedOnToolsVersion = 6.1.1;
					};
					D6B2A5BA1AAEEE4C0094F44A = {
						CreatedOnToolsVersion = 6.1.1;
						TestTargetID = D6B2A5A51AAEEE4C0094F44A;
					};
				};
			};
			buildConfigurationList = D6B2A5A11AAEEE4C0094F44A /* Build configuration list for PBXProject "iOSSkjulteStederBuild5" */;
			compatibilityVersion = "Xcode 3.2";
			developmentRegion = English;
			hasScannedForEncodings = 0;
			knownRegions = (
				en,
				Base,
			);
			mainGroup = D6B2A59D1AAEEE4C0094F44A;
			productRefGroup = D6B2A5A71AAEEE4C0094F44A /* Products */;
			projectDirPath = "";
			projectRoot = "";
			targets = (
				D6B2A5A51AAEEE4C0094F44A /* iOSSkjulteStederBuild5 */,
				D6B2A5BA1AAEEE4C0094F44A /* iOSSkjulteStederBuild5Tests */,
			);
		};
/* End PBXProject section */

/* Begin PBXResourcesBuildPhase section */
		D6B2A5A41AAEEE4C0094F44A /* Resources */ = {
			isa = PBXResourcesBuildPhase;
			buildActionMask = 2147483647;
			files = (
				053F63421AB631DD00D68A52 /* movingBG.png in Resources */,
				D6B2A5B11AAEEE4C0094F44A /* Main.storyboard in Resources */,
				053F63441AB631F000D68A52 /* logo-ready.png in Resources */,
				D6B2A5B61AAEEE4C0094F44A /* LaunchScreen.xib in Resources */,
				D6B2A5B31AAEEE4C0094F44A /* Images.xcassets in Resources */,
			);
			runOnlyForDeploymentPostprocessing = 0;
		};
		D6B2A5B91AAEEE4C0094F44A /* Resources */ = {
			isa = PBXResourcesBuildPhase;
			buildActionMask = 2147483647;
			files = (
			);
			runOnlyForDeploymentPostprocessing = 0;
		};
/* End PBXResourcesBuildPhase section */

/* Begin PBXSourcesBuildPhase section */
		D6B2A5A21AAEEE4C0094F44A /* Sources */ = {
			isa = PBXSourcesBuildPhase;
			buildActionMask = 2147483647;
			files = (
				D6B2A5DD1AAEF2180094F44A /* ProfileViewController.swift in Sources */,
				053F633E1AB631B700D68A52 /* explore.swift in Sources */,
				053F63461AB6323100D68A52 /* mainContainer.swift in Sources */,
				D6B2A5FF1AB05F610094F44A /* FinalViewController.swift in Sources */,
				D6B2A5ED1AAF17920094F44A /* ThirdDestinationView.swift in Sources */,
				053F63401AB631C600D68A52 /* browse.swift in Sources */,
				D6B2A5F41AAF187F0094F44A /* DestinationPagesController.swift in Sources */,
				D6B2A5F61AAF26CF0094F44A /* Destination.swift in Sources */,
				D6B2A6011AB06B630094F44A /* AbsulotelyFinalViewController.swift in Sources */,
				053F633A1AB6318800D68A52 /* logo.swift in Sources */,
				D6B2A5FD1AAF41660094F44A /* FirstDestinationView.swift in Sources */,
				D6B2A5DB1AAEF2080094F44A /* CompassViewController.swift in Sources */,
				D6B2A5FB1AAF35BD0094F44A /* SelectModeViewController.swift in Sources */,
				D6B2A5F91AAF27F00094F44A /* User.swift in Sources */,
				D6B2A5D41AAEEEF80094F44A /* SwiftyJSON.swift in Sources */,
				D6B2A5AC1AAEEE4C0094F44A /* AppDelegate.swift in Sources */,
				D6B2A5D61AAEEF230094F44A /* RLMSupport.swift in Sources */,
				D6B2A5E91AAF177B0094F44A /* SecondDestinationView.swift in Sources */,
				D6B2A5D91AAEF1E30094F44A /* MainViewController.swift in Sources */,
				053F633C1AB631A300D68A52 /* buttons.swift in Sources */,
			);
			runOnlyForDeploymentPostprocessing = 0;
		};
		D6B2A5B71AAEEE4C0094F44A /* Sources */ = {
			isa = PBXSourcesBuildPhase;
			buildActionMask = 2147483647;
			files = (
				D6B2A5C21AAEEE4C0094F44A /* iOSSkjulteStederBuild5Tests.swift in Sources */,
			);
			runOnlyForDeploymentPostprocessing = 0;
		};
/* End PBXSourcesBuildPhase section */

/* Begin PBXTargetDependency section */
		D6B2A5BD1AAEEE4C0094F44A /* PBXTargetDependency */ = {
			isa = PBXTargetDependency;
			target = D6B2A5A51AAEEE4C0094F44A /* iOSSkjulteStederBuild5 */;
			targetProxy = D6B2A5BC1AAEEE4C0094F44A /* PBXContainerItemProxy */;
		};
/* End PBXTargetDependency section */

/* Begin PBXVariantGroup section */
		D6B2A5AF1AAEEE4C0094F44A /* Main.storyboard */ = {
			isa = PBXVariantGroup;
			children = (
				D6B2A5B01AAEEE4C0094F44A /* Base */,
			);
			name = Main.storyboard;
			sourceTree = "<group>";
		};
		D6B2A5B41AAEEE4C0094F44A /* LaunchScreen.xib */ = {
			isa = PBXVariantGroup;
			children = (
				D6B2A5B51AAEEE4C0094F44A /* Base */,
			);
			name = LaunchScreen.xib;
			sourceTree = "<group>";
		};
/* End PBXVariantGroup section */

/* Begin XCBuildConfiguration section */
		D6B2A5C31AAEEE4C0094F44A /* Debug */ = {
			isa = XCBuildConfiguration;
			buildSettings = {
				ALWAYS_SEARCH_USER_PATHS = NO;
				CLANG_CXX_LANGUAGE_STANDARD = "gnu++0x";
				CLANG_CXX_LIBRARY = "libc++";
				CLANG_ENABLE_MODULES = YES;
				CLANG_ENABLE_OBJC_ARC = YES;
				CLANG_WARN_BOOL_CONVERSION = YES;
				CLANG_WARN_CONSTANT_CONVERSION = YES;
				CLANG_WARN_DIRECT_OBJC_ISA_USAGE = YES_ERROR;
				CLANG_WARN_EMPTY_BODY = YES;
				CLANG_WARN_ENUM_CONVERSION = YES;
				CLANG_WARN_INT_CONVERSION = YES;
				CLANG_WARN_OBJC_ROOT_CLASS = YES_ERROR;
				CLANG_WARN_UNREACHABLE_CODE = YES;
				CLANG_WARN__DUPLICATE_METHOD_MATCH = YES;
				"CODE_SIGN_IDENTITY[sdk=iphoneos*]" = "iPhone Developer";
				COPY_PHASE_STRIP = NO;
				ENABLE_STRICT_OBJC_MSGSEND = YES;
				GCC_C_LANGUAGE_STANDARD = gnu99;
				GCC_DYNAMIC_NO_PIC = NO;
				GCC_OPTIMIZATION_LEVEL = 0;
				GCC_PREPROCESSOR_DEFINITIONS = (
					"DEBUG=1",
					"$(inherited)",
				);
				GCC_SYMBOLS_PRIVATE_EXTERN = NO;
				GCC_WARN_64_TO_32_BIT_CONVERSION = YES;
				GCC_WARN_ABOUT_RETURN_TYPE = YES_ERROR;
				GCC_WARN_UNDECLARED_SELECTOR = YES;
				GCC_WARN_UNINITIALIZED_AUTOS = YES_AGGRESSIVE;
				GCC_WARN_UNUSED_FUNCTION = YES;
				GCC_WARN_UNUSED_VARIABLE = YES;
				IPHONEOS_DEPLOYMENT_TARGET = 8.1;
				MTL_ENABLE_DEBUG_INFO = YES;
				ONLY_ACTIVE_ARCH = YES;
				SDKROOT = iphoneos;
				SWIFT_OPTIMIZATION_LEVEL = "-Onone";
			};
			name = Debug;
		};
		D6B2A5C41AAEEE4C0094F44A /* Release */ = {
			isa = XCBuildConfiguration;
			buildSettings = {
				ALWAYS_SEARCH_USER_PATHS = NO;
				CLANG_CXX_LANGUAGE_STANDARD = "gnu++0x";
				CLANG_CXX_LIBRARY = "libc++";
				CLANG_ENABLE_MODULES = YES;
				CLANG_ENABLE_OBJC_ARC = YES;
				CLANG_WARN_BOOL_CONVERSION = YES;
				CLANG_WARN_CONSTANT_CONVERSION = YES;
				CLANG_WARN_DIRECT_OBJC_ISA_USAGE = YES_ERROR;
				CLANG_WARN_EMPTY_BODY = YES;
				CLANG_WARN_ENUM_CONVERSION = YES;
				CLANG_WARN_INT_CONVERSION = YES;
				CLANG_WARN_OBJC_ROOT_CLASS = YES_ERROR;
				CLANG_WARN_UNREACHABLE_CODE = YES;
				CLANG_WARN__DUPLICATE_METHOD_MATCH = YES;
				"CODE_SIGN_IDENTITY[sdk=iphoneos*]" = "iPhone Developer";
				COPY_PHASE_STRIP = YES;
				ENABLE_NS_ASSERTIONS = NO;
				ENABLE_STRICT_OBJC_MSGSEND = YES;
				GCC_C_LANGUAGE_STANDARD = gnu99;
				GCC_WARN_64_TO_32_BIT_CONVERSION = YES;
				GCC_WARN_ABOUT_RETURN_TYPE = YES_ERROR;
				GCC_WARN_UNDECLARED_SELECTOR = YES;
				GCC_WARN_UNINITIALIZED_AUTOS = YES_AGGRESSIVE;
				GCC_WARN_UNUSED_FUNCTION = YES;
				GCC_WARN_UNUSED_VARIABLE = YES;
				IPHONEOS_DEPLOYMENT_TARGET = 8.1;
				MTL_ENABLE_DEBUG_INFO = NO;
				SDKROOT = iphoneos;
				VALIDATE_PRODUCT = YES;
			};
			name = Release;
		};
		D6B2A5C61AAEEE4C0094F44A /* Debug */ = {
			isa = XCBuildConfiguration;
			buildSettings = {
				ASSETCATALOG_COMPILER_APPICON_NAME = AppIcon;
				FRAMEWORK_SEARCH_PATHS = (
					"$(inherited)",
					"$(PROJECT_DIR)",
				);
				INFOPLIST_FILE = iOSSkjulteStederBuild5/Info.plist;
				LD_RUNPATH_SEARCH_PATHS = "$(inherited) @executable_path/Frameworks";
				PRODUCT_NAME = "$(TARGET_NAME)";
			};
			name = Debug;
		};
		D6B2A5C71AAEEE4C0094F44A /* Release */ = {
			isa = XCBuildConfiguration;
			buildSettings = {
				ASSETCATALOG_COMPILER_APPICON_NAME = AppIcon;
				FRAMEWORK_SEARCH_PATHS = (
					"$(inherited)",
					"$(PROJECT_DIR)",
				);
				INFOPLIST_FILE = iOSSkjulteStederBuild5/Info.plist;
				LD_RUNPATH_SEARCH_PATHS = "$(inherited) @executable_path/Frameworks";
				PRODUCT_NAME = "$(TARGET_NAME)";
			};
			name = Release;
		};
		D6B2A5C91AAEEE4C0094F44A /* Debug */ = {
			isa = XCBuildConfiguration;
			buildSettings = {
				BUNDLE_LOADER = "$(TEST_HOST)";
				FRAMEWORK_SEARCH_PATHS = (
					"$(SDKROOT)/Developer/Library/Frameworks",
					"$(inherited)",
				);
				GCC_PREPROCESSOR_DEFINITIONS = (
					"DEBUG=1",
					"$(inherited)",
				);
				INFOPLIST_FILE = iOSSkjulteStederBuild5Tests/Info.plist;
				LD_RUNPATH_SEARCH_PATHS = "$(inherited) @executable_path/Frameworks @loader_path/Frameworks";
				PRODUCT_NAME = "$(TARGET_NAME)";
				TEST_HOST = "$(BUILT_PRODUCTS_DIR)/iOSSkjulteStederBuild5.app/iOSSkjulteStederBuild5";
			};
			name = Debug;
		};
		D6B2A5CA1AAEEE4C0094F44A /* Release */ = {
			isa = XCBuildConfiguration;
			buildSettings = {
				BUNDLE_LOADER = "$(TEST_HOST)";
				FRAMEWORK_SEARCH_PATHS = (
					"$(SDKROOT)/Developer/Library/Frameworks",
					"$(inherited)",
				);
				INFOPLIST_FILE = iOSSkjulteStederBuild5Tests/Info.plist;
				LD_RUNPATH_SEARCH_PATHS = "$(inherited) @executable_path/Frameworks @loader_path/Frameworks";
				PRODUCT_NAME = "$(TARGET_NAME)";
				TEST_HOST = "$(BUILT_PRODUCTS_DIR)/iOSSkjulteStederBuild5.app/iOSSkjulteStederBuild5";
			};
			name = Release;
		};
/* End XCBuildConfiguration section */

/* Begin XCConfigurationList section */
		D6B2A5A11AAEEE4C0094F44A /* Build configuration list for PBXProject "iOSSkjulteStederBuild5" */ = {
			isa = XCConfigurationList;
			buildConfigurations = (
				D6B2A5C31AAEEE4C0094F44A /* Debug */,
				D6B2A5C41AAEEE4C0094F44A /* Release */,
			);
			defaultConfigurationIsVisible = 0;
			defaultConfigurationName = Release;
		};
		D6B2A5C51AAEEE4C0094F44A /* Build configuration list for PBXNativeTarget "iOSSkjulteStederBuild5" */ = {
			isa = XCConfigurationList;
			buildConfigurations = (
				D6B2A5C61AAEEE4C0094F44A /* Debug */,
				D6B2A5C71AAEEE4C0094F44A /* Release */,
			);
			defaultConfigurationIsVisible = 0;
			defaultConfigurationName = Release;
		};
		D6B2A5C81AAEEE4C0094F44A /* Build configuration list for PBXNativeTarget "iOSSkjulteStederBuild5Tests" */ = {
			isa = XCConfigurationList;
			buildConfigurations = (
				D6B2A5C91AAEEE4C0094F44A /* Debug */,
				D6B2A5CA1AAEEE4C0094F44A /* Release */,
			);
			defaultConfigurationIsVisible = 0;
			defaultConfigurationName = Release;
		};
/* End XCConfigurationList section */
	};
	rootObject = D6B2A59E1AAEEE4C0094F44A /* Project object */;
}
